
Microsoft Visual Studio Solution File, Format Version 12.00
# Visual Studio Version 17
VisualStudioVersion = 17.14.36414.22 d17.14
MinimumVisualStudioVersion = 10.0.40219.1
Project("{FAE04EC0-301F-11D3-BF4B-00C04F79EFBC}") = "Front", "Front.csproj", "{FDEDA23F-9FB8-A4E4-8241-0FF763389D8D}"
EndProject
Global
	GlobalSection(SolutionConfigurationPlatforms) = preSolution
		Debug|Any CPU = Debug|Any CPU
		Release|Any CPU = Release|Any CPU
	EndGlobalSection
	GlobalSection(ProjectConfigurationPlatforms) = postSolution
		{FDEDA23F-9FB8-A4E4-8241-0FF763389D8D}.Debug|Any CPU.ActiveCfg = Debug|Any CPU
		{FDEDA23F-9FB8-A4E4-8241-0FF763389D8D}.Debug|Any CPU.Build.0 = Debug|Any CPU
		{FDEDA23F-9FB8-A4E4-8241-0FF763389D8D}.Release|Any CPU.ActiveCfg = Release|Any CPU
		{FDEDA23F-9FB8-A4E4-8241-0FF763389D8D}.Release|Any CPU.Build.0 = Release|Any CPU
	EndGlobalSection
	GlobalSection(SolutionProperties) = preSolution
		HideSolutionNode = FALSE
	EndGlobalSection
	GlobalSection(ExtensibilityGlobals) = postSolution
		SolutionGuid = {CCB732CE-D3F2-4DF8-99D0-D792C7EC02C7}
	EndGlobalSection
EndGlobal
